# This file is automatically @generated by Poetry 2.2.0 and should not be changed by hand.

[[package]]
name = "tp-utils"
version = "0.0.8"
description = ""
optional = false
python-versions = ">=3.10"
groups = ["main"]
files = [
    {file = "tp_utils-0.0.8-py3-none-any.whl", hash = "sha256:3f0b7d73f5bc6a3a5c7f1e2840eec32eba1f59a755eb1db328661bee18622139"},
    {file = "tp_utils-0.0.8.tar.gz", hash = "sha256:9730b621cb87f0fb63818c1fd4e3b315b90b99c4e70b1adaf8893f824e9d7045"},
]

[package.source]
type = "legacy"
url = "https://pypi.cnb.cool/topia.ogz/tpip/-/packages/simple"
reference = "cnb"

[metadata]
lock-version = "2.1"
python-versions = ">=3.10"
content-hash = "606da0929e28b310f7a5347d2a385b3a4ef5ed475d4fcc7caea0c026e2ade2de"
